
Microsoft Visual Studio Solution File, Format Version 12.00
# Visual Studio 15
VisualStudioVersion = 15.0.28307.168
MinimumVisualStudioVersion = 10.0.40219.1
Project("{FAE04EC0-301F-11D3-BF4B-00C04F79EFBC}") = "Handy6.Android", "Handy6\Handy6.Android\Handy6.Android.csproj", "{C3C07211-81E5-4CD5-81D4-4AF234F21F13}"
EndProject
Project("{FAE04EC0-301F-11D3-BF4B-00C04F79EFBC}") = "Handy6.iOS", "Handy6\Handy6.iOS\Handy6.iOS.csproj", "{199BFACB-9C07-47DC-895A-A1108C6C3304}"
EndProject
Project("{FAE04EC0-301F-11D3-BF4B-00C04F79EFBC}") = "Handy6.UWP", "Handy6\Handy6.UWP\Handy6.UWP.csproj", "{11E71BA6-519A-4013-91CF-94DC92D33E3F}"
EndProject
Project("{FAE04EC0-301F-11D3-BF4B-00C04F79EFBC}") = "Handy6", "Handy6\Handy6\Handy6.csproj", "{EFD4F5C3-770D-45D7-87ED-3BCE72402181}"
EndProject
Global
	GlobalSection(SolutionConfigurationPlatforms) = preSolution
		Ad-Hoc|Any CPU = Ad-Hoc|Any CPU
		Ad-Hoc|ARM = Ad-Hoc|ARM
		Ad-Hoc|iPhone = Ad-Hoc|iPhone
		Ad-Hoc|iPhoneSimulator = Ad-Hoc|iPhoneSimulator
		Ad-Hoc|x64 = Ad-Hoc|x64
		Ad-Hoc|x86 = Ad-Hoc|x86
		AppStore|Any CPU = AppStore|Any CPU
		AppStore|ARM = AppStore|ARM
		AppStore|iPhone = AppStore|iPhone
		AppStore|iPhoneSimulator = AppStore|iPhoneSimulator
		AppStore|x64 = AppStore|x64
		AppStore|x86 = AppStore|x86
		Debug|Any CPU = Debug|Any CPU
		Debug|ARM = Debug|ARM
		Debug|iPhone = Debug|iPhone
		Debug|iPhoneSimulator = Debug|iPhoneSimulator
		Debug|x64 = Debug|x64
		Debug|x86 = Debug|x86
		Release|Any CPU = Release|Any CPU
		Release|ARM = Release|ARM
		Release|iPhone = Release|iPhone
		Release|iPhoneSimulator = Release|iPhoneSimulator
		Release|x64 = Release|x64
		Release|x86 = Release|x86
	EndGlobalSection
	GlobalSection(ProjectConfigurationPlatforms) = postSolution
		{C3C07211-81E5-4CD5-81D4-4AF234F21F13}.Ad-Hoc|Any CPU.ActiveCfg = Release|Any CPU
		{C3C07211-81E5-4CD5-81D4-4AF234F21F13}.Ad-Hoc|Any CPU.Build.0 = Release|Any CPU
		{C3C07211-81E5-4CD5-81D4-4AF234F21F13}.Ad-Hoc|Any CPU.Deploy.0 = Release|Any CPU
		{C3C07211-81E5-4CD5-81D4-4AF234F21F13}.Ad-Hoc|ARM.ActiveCfg = Release|Any CPU
		{C3C07211-81E5-4CD5-81D4-4AF234F21F13}.Ad-Hoc|ARM.Build.0 = Release|Any CPU
		{C3C07211-81E5-4CD5-81D4-4AF234F21F13}.Ad-Hoc|ARM.Deploy.0 = Release|Any CPU
		{C3C07211-81E5-4CD5-81D4-4AF234F21F13}.Ad-Hoc|iPhone.ActiveCfg = Release|Any CPU
		{C3C07211-81E5-4CD5-81D4-4AF234F21F13}.Ad-Hoc|iPhone.Build.0 = Release|Any CPU
		{C3C07211-81E5-4CD5-81D4-4AF234F21F13}.Ad-Hoc|iPhone.Deploy.0 = Release|Any CPU
		{C3C07211-81E5-4CD5-81D4-4AF234F21F13}.Ad-Hoc|iPhoneSimulator.ActiveCfg = Release|Any CPU
		{C3C07211-81E5-4CD5-81D4-4AF234F21F13}.Ad-Hoc|iPhoneSimulator.Build.0 = Release|Any CPU
		{C3C07211-81E5-4CD5-81D4-4AF234F21F13}.Ad-Hoc|iPhoneSimulator.Deploy.0 = Release|Any CPU
		{C3C07211-81E5-4CD5-81D4-4AF234F21F13}.Ad-Hoc|x64.ActiveCfg = Release|Any CPU
		{C3C07211-81E5-4CD5-81D4-4AF234F21F13}.Ad-Hoc|x64.Build.0 = Release|Any CPU
		{C3C07211-81E5-4CD5-81D4-4AF234F21F13}.Ad-Hoc|x64.Deploy.0 = Release|Any CPU
		{C3C07211-81E5-4CD5-81D4-4AF234F21F13}.Ad-Hoc|x86.ActiveCfg = Release|Any CPU
		{C3C07211-81E5-4CD5-81D4-4AF234F21F13}.Ad-Hoc|x86.Build.0 = Release|Any CPU
		{C3C07211-81E5-4CD5-81D4-4AF234F21F13}.Ad-Hoc|x86.Deploy.0 = Release|Any CPU
		{C3C07211-81E5-4CD5-81D4-4AF234F21F13}.AppStore|Any CPU.ActiveCfg = Release|Any CPU
		{C3C07211-81E5-4CD5-81D4-4AF234F21F13}.AppStore|Any CPU.Build.0 = Release|Any CPU
		{C3C07211-81E5-4CD5-81D4-4AF234F21F13}.AppStore|Any CPU.Deploy.0 = Release|Any CPU
		{C3C07211-81E5-4CD5-81D4-4AF234F21F13}.AppStore|ARM.ActiveCfg = Release|Any CPU
		{C3C07211-81E5-4CD5-81D4-4AF234F21F13}.AppStore|ARM.Build.0 = Release|Any CPU
		{C3C07211-81E5-4CD5-81D4-4AF234F21F13}.AppStore|ARM.Deploy.0 = Release|Any CPU
		{C3C07211-81E5-4CD5-81D4-4AF234F21F13}.AppStore|iPhone.ActiveCfg = Release|Any CPU
		{C3C07211-81E5-4CD5-81D4-4AF234F21F13}.AppStore|iPhone.Build.0 = Release|Any CPU
		{C3C07211-81E5-4CD5-81D4-4AF234F21F13}.AppStore|iPhone.Deploy.0 = Release|Any CPU
		{C3C07211-81E5-4CD5-81D4-4AF234F21F13}.AppStore|iPhoneSimulator.ActiveCfg = Release|Any CPU
		{C3C07211-81E5-4CD5-81D4-4AF234F21F13}.AppStore|iPhoneSimulator.Build.0 = Release|Any CPU
		{C3C07211-81E5-4CD5-81D4-4AF234F21F13}.AppStore|iPhoneSimulator.Deploy.0 = Release|Any CPU
		{C3C07211-81E5-4CD5-81D4-4AF234F21F13}.AppStore|x64.ActiveCfg = Release|Any CPU
		{C3C07211-81E5-4CD5-81D4-4AF234F21F13}.AppStore|x64.Build.0 = Release|Any CPU
		{C3C07211-81E5-4CD5-81D4-4AF234F21F13}.AppStore|x64.Deploy.0 = Release|Any CPU
		{C3C07211-81E5-4CD5-81D4-4AF234F21F13}.AppStore|x86.ActiveCfg = Release|Any CPU
		{C3C07211-81E5-4CD5-81D4-4AF234F21F13}.AppStore|x86.Build.0 = Release|Any CPU
		{C3C07211-81E5-4CD5-81D4-4AF234F21F13}.AppStore|x86.Deploy.0 = Release|Any CPU
		{C3C07211-81E5-4CD5-81D4-4AF234F21F13}.Debug|Any CPU.ActiveCfg = Debug|Any CPU
		{C3C07211-81E5-4CD5-81D4-4AF234F21F13}.Debug|Any CPU.Build.0 = Debug|Any CPU
		{C3C07211-81E5-4CD5-81D4-4AF234F21F13}.Debug|Any CPU.Deploy.0 = Debug|Any CPU
		{C3C07211-81E5-4CD5-81D4-4AF234F21F13}.Debug|ARM.ActiveCfg = Debug|Any CPU
		{C3C07211-81E5-4CD5-81D4-4AF234F21F13}.Debug|ARM.Build.0 = Debug|Any CPU
		{C3C07211-81E5-4CD5-81D4-4AF234F21F13}.Debug|ARM.Deploy.0 = Debug|Any CPU
		{C3C07211-81E5-4CD5-81D4-4AF234F21F13}.Debug|iPhone.ActiveCfg = Debug|Any CPU
		{C3C07211-81E5-4CD5-81D4-4AF234F21F13}.Debug|iPhone.Build.0 = Debug|Any CPU
		{C3C07211-81E5-4CD5-81D4-4AF234F21F13}.Debug|iPhone.Deploy.0 = Debug|Any CPU
		{C3C07211-81E5-4CD5-81D4-4AF234F21F13}.Debug|iPhoneSimulator.ActiveCfg = Debug|Any CPU
		{C3C07211-81E5-4CD5-81D4-4AF234F21F13}.Debug|iPhoneSimulator.Build.0 = Debug|Any CPU
		{C3C07211-81E5-4CD5-81D4-4AF234F21F13}.Debug|iPhoneSimulator.Deploy.0 = Debug|Any CPU
		{C3C07211-81E5-4CD5-81D4-4AF234F21F13}.Debug|x64.ActiveCfg = Debug|Any CPU
		{C3C07211-81E5-4CD5-81D4-4AF234F21F13}.Debug|x64.Build.0 = Debug|Any CPU
		{C3C07211-81E5-4CD5-81D4-4AF234F21F13}.Debug|x64.Deploy.0 = Debug|Any CPU
		{C3C07211-81E5-4CD5-81D4-4AF234F21F13}.Debug|x86.ActiveCfg = Debug|Any CPU
		{C3C07211-81E5-4CD5-81D4-4AF234F21F13}.Debug|x86.Build.0 = Debug|Any CPU
		{C3C07211-81E5-4CD5-81D4-4AF234F21F13}.Debug|x86.Deploy.0 = Debug|Any CPU
		{C3C07211-81E5-4CD5-81D4-4AF234F21F13}.Release|Any CPU.ActiveCfg = Release|Any CPU
		{C3C07211-81E5-4CD5-81D4-4AF234F21F13}.Release|Any CPU.Build.0 = Release|Any CPU
		{C3C07211-81E5-4CD5-81D4-4AF234F21F13}.Release|Any CPU.Deploy.0 = Release|Any CPU
		{C3C07211-81E5-4CD5-81D4-4AF234F21F13}.Release|ARM.ActiveCfg = Release|Any CPU
		{C3C07211-81E5-4CD5-81D4-4AF234F21F13}.Release|ARM.Build.0 = Release|Any CPU
		{C3C07211-81E5-4CD5-81D4-4AF234F21F13}.Release|ARM.Deploy.0 = Release|Any CPU
		{C3C07211-81E5-4CD5-81D4-4AF234F21F13}.Release|iPhone.ActiveCfg = Release|Any CPU
		{C3C07211-81E5-4CD5-81D4-4AF234F21F13}.Release|iPhone.Build.0 = Release|Any CPU
		{C3C07211-81E5-4CD5-81D4-4AF234F21F13}.Release|iPhone.Deploy.0 = Release|Any CPU
		{C3C07211-81E5-4CD5-81D4-4AF234F21F13}.Release|iPhoneSimulator.ActiveCfg = Release|Any CPU
		{C3C07211-81E5-4CD5-81D4-4AF234F21F13}.Release|iPhoneSimulator.Build.0 = Release|Any CPU
		{C3C07211-81E5-4CD5-81D4-4AF234F21F13}.Release|iPhoneSimulator.Deploy.0 = Release|Any CPU
		{C3C07211-81E5-4CD5-81D4-4AF234F21F13}.Release|x64.ActiveCfg = Release|Any CPU
		{C3C07211-81E5-4CD5-81D4-4AF234F21F13}.Release|x64.Build.0 = Release|Any CPU
		{C3C07211-81E5-4CD5-81D4-4AF234F21F13}.Release|x64.Deploy.0 = Release|Any CPU
		{C3C07211-81E5-4CD5-81D4-4AF234F21F13}.Release|x86.ActiveCfg = Release|Any CPU
		{C3C07211-81E5-4CD5-81D4-4AF234F21F13}.Release|x86.Build.0 = Release|Any CPU
		{C3C07211-81E5-4CD5-81D4-4AF234F21F13}.Release|x86.Deploy.0 = Release|Any CPU
		{199BFACB-9C07-47DC-895A-A1108C6C3304}.Ad-Hoc|Any CPU.ActiveCfg = Ad-Hoc|iPhone
		{199BFACB-9C07-47DC-895A-A1108C6C3304}.Ad-Hoc|Any CPU.Build.0 = Ad-Hoc|iPhone
		{199BFACB-9C07-47DC-895A-A1108C6C3304}.Ad-Hoc|Any CPU.Deploy.0 = Ad-Hoc|iPhone
		{199BFACB-9C07-47DC-895A-A1108C6C3304}.Ad-Hoc|ARM.ActiveCfg = Ad-Hoc|iPhone
		{199BFACB-9C07-47DC-895A-A1108C6C3304}.Ad-Hoc|ARM.Build.0 = Ad-Hoc|iPhone
		{199BFACB-9C07-47DC-895A-A1108C6C3304}.Ad-Hoc|ARM.Deploy.0 = Ad-Hoc|iPhone
		{199BFACB-9C07-47DC-895A-A1108C6C3304}.Ad-Hoc|iPhone.ActiveCfg = Ad-Hoc|iPhone
		{199BFACB-9C07-47DC-895A-A1108C6C3304}.Ad-Hoc|iPhone.Build.0 = Ad-Hoc|iPhone
		{199BFACB-9C07-47DC-895A-A1108C6C3304}.Ad-Hoc|iPhone.Deploy.0 = Ad-Hoc|iPhone
		{199BFACB-9C07-47DC-895A-A1108C6C3304}.Ad-Hoc|iPhoneSimulator.ActiveCfg = Ad-Hoc|iPhoneSimulator
		{199BFACB-9C07-47DC-895A-A1108C6C3304}.Ad-Hoc|iPhoneSimulator.Build.0 = Ad-Hoc|iPhoneSimulator
		{199BFACB-9C07-47DC-895A-A1108C6C3304}.Ad-Hoc|iPhoneSimulator.Deploy.0 = Ad-Hoc|iPhoneSimulator
		{199BFACB-9C07-47DC-895A-A1108C6C3304}.Ad-Hoc|x64.ActiveCfg = Ad-Hoc|iPhone
		{199BFACB-9C07-47DC-895A-A1108C6C3304}.Ad-Hoc|x64.Build.0 = Ad-Hoc|iPhone
		{199BFACB-9C07-47DC-895A-A1108C6C3304}.Ad-Hoc|x64.Deploy.0 = Ad-Hoc|iPhone
		{199BFACB-9C07-47DC-895A-A1108C6C3304}.Ad-Hoc|x86.ActiveCfg = Ad-Hoc|iPhone
		{199BFACB-9C07-47DC-895A-A1108C6C3304}.Ad-Hoc|x86.Build.0 = Ad-Hoc|iPhone
		{199BFACB-9C07-47DC-895A-A1108C6C3304}.Ad-Hoc|x86.Deploy.0 = Ad-Hoc|iPhone
		{199BFACB-9C07-47DC-895A-A1108C6C3304}.AppStore|Any CPU.ActiveCfg = AppStore|iPhone
		{199BFACB-9C07-47DC-895A-A1108C6C3304}.AppStore|Any CPU.Build.0 = AppStore|iPhone
		{199BFACB-9C07-47DC-895A-A1108C6C3304}.AppStore|Any CPU.Deploy.0 = AppStore|iPhone
		{199BFACB-9C07-47DC-895A-A1108C6C3304}.AppStore|ARM.ActiveCfg = AppStore|iPhone
		{199BFACB-9C07-47DC-895A-A1108C6C3304}.AppStore|ARM.Build.0 = AppStore|iPhone
		{199BFACB-9C07-47DC-895A-A1108C6C3304}.AppStore|ARM.Deploy.0 = AppStore|iPhone
		{199BFACB-9C07-47DC-895A-A1108C6C3304}.AppStore|iPhone.ActiveCfg = AppStore|iPhone
		{199BFACB-9C07-47DC-895A-A1108C6C3304}.AppStore|iPhone.Build.0 = AppStore|iPhone
		{199BFACB-9C07-47DC-895A-A1108C6C3304}.AppStore|iPhone.Deploy.0 = AppStore|iPhone
		{199BFACB-9C07-47DC-895A-A1108C6C3304}.AppStore|iPhoneSimulator.ActiveCfg = AppStore|iPhoneSimulator
		{199BFACB-9C07-47DC-895A-A1108C6C3304}.AppStore|iPhoneSimulator.Build.0 = AppStore|iPhoneSimulator
		{199BFACB-9C07-47DC-895A-A1108C6C3304}.AppStore|iPhoneSimulator.Deploy.0 = AppStore|iPhoneSimulator
		{199BFACB-9C07-47DC-895A-A1108C6C3304}.AppStore|x64.ActiveCfg = AppStore|iPhone
		{199BFACB-9C07-47DC-895A-A1108C6C3304}.AppStore|x64.Build.0 = AppStore|iPhone
		{199BFACB-9C07-47DC-895A-A1108C6C3304}.AppStore|x64.Deploy.0 = AppStore|iPhone
		{199BFACB-9C07-47DC-895A-A1108C6C3304}.AppStore|x86.ActiveCfg = AppStore|iPhone
		{199BFACB-9C07-47DC-895A-A1108C6C3304}.AppStore|x86.Build.0 = AppStore|iPhone
		{199BFACB-9C07-47DC-895A-A1108C6C3304}.AppStore|x86.Deploy.0 = AppStore|iPhone
		{199BFACB-9C07-47DC-895A-A1108C6C3304}.Debug|Any CPU.ActiveCfg = Debug|iPhoneSimulator
		{199BFACB-9C07-47DC-895A-A1108C6C3304}.Debug|Any CPU.Build.0 = Debug|iPhoneSimulator
		{199BFACB-9C07-47DC-895A-A1108C6C3304}.Debug|Any CPU.Deploy.0 = Debug|iPhoneSimulator
		{199BFACB-9C07-47DC-895A-A1108C6C3304}.Debug|ARM.ActiveCfg = Debug|iPhone
		{199BFACB-9C07-47DC-895A-A1108C6C3304}.Debug|ARM.Build.0 = Debug|iPhone
		{199BFACB-9C07-47DC-895A-A1108C6C3304}.Debug|ARM.Deploy.0 = Debug|iPhone
		{199BFACB-9C07-47DC-895A-A1108C6C3304}.Debug|iPhone.ActiveCfg = Debug|iPhone
		{199BFACB-9C07-47DC-895A-A1108C6C3304}.Debug|iPhone.Build.0 = Debug|iPhone
		{199BFACB-9C07-47DC-895A-A1108C6C3304}.Debug|iPhone.Deploy.0 = Debug|iPhone
		{199BFACB-9C07-47DC-895A-A1108C6C3304}.Debug|iPhoneSimulator.ActiveCfg = Debug|iPhoneSimulator
		{199BFACB-9C07-47DC-895A-A1108C6C3304}.Debug|iPhoneSimulator.Build.0 = Debug|iPhoneSimulator
		{199BFACB-9C07-47DC-895A-A1108C6C3304}.Debug|iPhoneSimulator.Deploy.0 = Debug|iPhoneSimulator
		{199BFACB-9C07-47DC-895A-A1108C6C3304}.Debug|x64.ActiveCfg = Debug|iPhone
		{199BFACB-9C07-47DC-895A-A1108C6C3304}.Debug|x64.Build.0 = Debug|iPhone
		{199BFACB-9C07-47DC-895A-A1108C6C3304}.Debug|x64.Deploy.0 = Debug|iPhone
		{199BFACB-9C07-47DC-895A-A1108C6C3304}.Debug|x86.ActiveCfg = Debug|iPhone
		{199BFACB-9C07-47DC-895A-A1108C6C3304}.Debug|x86.Build.0 = Debug|iPhone
		{199BFACB-9C07-47DC-895A-A1108C6C3304}.Debug|x86.Deploy.0 = Debug|iPhone
		{199BFACB-9C07-47DC-895A-A1108C6C3304}.Release|Any CPU.ActiveCfg = Release|iPhone
		{199BFACB-9C07-47DC-895A-A1108C6C3304}.Release|Any CPU.Build.0 = Release|iPhone
		{199BFACB-9C07-47DC-895A-A1108C6C3304}.Release|Any CPU.Deploy.0 = Release|iPhone
		{199BFACB-9C07-47DC-895A-A1108C6C3304}.Release|ARM.ActiveCfg = Release|iPhone
		{199BFACB-9C07-47DC-895A-A1108C6C3304}.Release|ARM.Build.0 = Release|iPhone
		{199BFACB-9C07-47DC-895A-A1108C6C3304}.Release|ARM.Deploy.0 = Release|iPhone
		{199BFACB-9C07-47DC-895A-A1108C6C3304}.Release|iPhone.ActiveCfg = Release|iPhone
		{199BFACB-9C07-47DC-895A-A1108C6C3304}.Release|iPhone.Build.0 = Release|iPhone
		{199BFACB-9C07-47DC-895A-A1108C6C3304}.Release|iPhone.Deploy.0 = Release|iPhone
		{199BFACB-9C07-47DC-895A-A1108C6C3304}.Release|iPhoneSimulator.ActiveCfg = Release|iPhoneSimulator
		{199BFACB-9C07-47DC-895A-A1108C6C3304}.Release|iPhoneSimulator.Build.0 = Release|iPhoneSimulator
		{199BFACB-9C07-47DC-895A-A1108C6C3304}.Release|iPhoneSimulator.Deploy.0 = Release|iPhoneSimulator
		{199BFACB-9C07-47DC-895A-A1108C6C3304}.Release|x64.ActiveCfg = Release|iPhone
		{199BFACB-9C07-47DC-895A-A1108C6C3304}.Release|x64.Build.0 = Release|iPhone
		{199BFACB-9C07-47DC-895A-A1108C6C3304}.Release|x64.Deploy.0 = Release|iPhone
		{199BFACB-9C07-47DC-895A-A1108C6C3304}.Release|x86.ActiveCfg = Release|iPhone
		{199BFACB-9C07-47DC-895A-A1108C6C3304}.Release|x86.Build.0 = Release|iPhone
		{199BFACB-9C07-47DC-895A-A1108C6C3304}.Release|x86.Deploy.0 = Release|iPhone
		{11E71BA6-519A-4013-91CF-94DC92D33E3F}.Ad-Hoc|Any CPU.ActiveCfg = Release|x86
		{11E71BA6-519A-4013-91CF-94DC92D33E3F}.Ad-Hoc|Any CPU.Build.0 = Release|x86
		{11E71BA6-519A-4013-91CF-94DC92D33E3F}.Ad-Hoc|Any CPU.Deploy.0 = Release|x86
		{11E71BA6-519A-4013-91CF-94DC92D33E3F}.Ad-Hoc|ARM.ActiveCfg = Release|ARM
		{11E71BA6-519A-4013-91CF-94DC92D33E3F}.Ad-Hoc|ARM.Build.0 = Release|ARM
		{11E71BA6-519A-4013-91CF-94DC92D33E3F}.Ad-Hoc|ARM.Deploy.0 = Release|ARM
		{11E71BA6-519A-4013-91CF-94DC92D33E3F}.Ad-Hoc|iPhone.ActiveCfg = Release|x86
		{11E71BA6-519A-4013-91CF-94DC92D33E3F}.Ad-Hoc|iPhone.Build.0 = Release|x86
		{11E71BA6-519A-4013-91CF-94DC92D33E3F}.Ad-Hoc|iPhone.Deploy.0 = Release|x86
		{11E71BA6-519A-4013-91CF-94DC92D33E3F}.Ad-Hoc|iPhoneSimulator.ActiveCfg = Release|x86
		{11E71BA6-519A-4013-91CF-94DC92D33E3F}.Ad-Hoc|iPhoneSimulator.Build.0 = Release|x86
		{11E71BA6-519A-4013-91CF-94DC92D33E3F}.Ad-Hoc|iPhoneSimulator.Deploy.0 = Release|x86
		{11E71BA6-519A-4013-91CF-94DC92D33E3F}.Ad-Hoc|x64.ActiveCfg = Release|x64
		{11E71BA6-519A-4013-91CF-94DC92D33E3F}.Ad-Hoc|x64.Build.0 = Release|x64
		{11E71BA6-519A-4013-91CF-94DC92D33E3F}.Ad-Hoc|x64.Deploy.0 = Release|x64
		{11E71BA6-519A-4013-91CF-94DC92D33E3F}.Ad-Hoc|x86.ActiveCfg = Release|x86
		{11E71BA6-519A-4013-91CF-94DC92D33E3F}.Ad-Hoc|x86.Build.0 = Release|x86
		{11E71BA6-519A-4013-91CF-94DC92D33E3F}.Ad-Hoc|x86.Deploy.0 = Release|x86
		{11E71BA6-519A-4013-91CF-94DC92D33E3F}.AppStore|Any CPU.ActiveCfg = Release|x86
		{11E71BA6-519A-4013-91CF-94DC92D33E3F}.AppStore|Any CPU.Build.0 = Release|x86
		{11E71BA6-519A-4013-91CF-94DC92D33E3F}.AppStore|Any CPU.Deploy.0 = Release|x86
		{11E71BA6-519A-4013-91CF-94DC92D33E3F}.AppStore|ARM.ActiveCfg = Release|ARM
		{11E71BA6-519A-4013-91CF-94DC92D33E3F}.AppStore|ARM.Build.0 = Release|ARM
		{11E71BA6-519A-4013-91CF-94DC92D33E3F}.AppStore|ARM.Deploy.0 = Release|ARM
		{11E71BA6-519A-4013-91CF-94DC92D33E3F}.AppStore|iPhone.ActiveCfg = Release|x86
		{11E71BA6-519A-4013-91CF-94DC92D33E3F}.AppStore|iPhone.Build.0 = Release|x86
		{11E71BA6-519A-4013-91CF-94DC92D33E3F}.AppStore|iPhone.Deploy.0 = Release|x86
		{11E71BA6-519A-4013-91CF-94DC92D33E3F}.AppStore|iPhoneSimulator.ActiveCfg = Release|x86
		{11E71BA6-519A-4013-91CF-94DC92D33E3F}.AppStore|iPhoneSimulator.Build.0 = Release|x86
		{11E71BA6-519A-4013-91CF-94DC92D33E3F}.AppStore|iPhoneSimulator.Deploy.0 = Release|x86
		{11E71BA6-519A-4013-91CF-94DC92D33E3F}.AppStore|x64.ActiveCfg = Release|x64
		{11E71BA6-519A-4013-91CF-94DC92D33E3F}.AppStore|x64.Build.0 = Release|x64
		{11E71BA6-519A-4013-91CF-94DC92D33E3F}.AppStore|x64.Deploy.0 = Release|x64
		{11E71BA6-519A-4013-91CF-94DC92D33E3F}.AppStore|x86.ActiveCfg = Release|x86
		{11E71BA6-519A-4013-91CF-94DC92D33E3F}.AppStore|x86.Build.0 = Release|x86
		{11E71BA6-519A-4013-91CF-94DC92D33E3F}.AppStore|x86.Deploy.0 = Release|x86
		{11E71BA6-519A-4013-91CF-94DC92D33E3F}.Debug|Any CPU.ActiveCfg = Debug|x86
		{11E71BA6-519A-4013-91CF-94DC92D33E3F}.Debug|Any CPU.Build.0 = Debug|x86
		{11E71BA6-519A-4013-91CF-94DC92D33E3F}.Debug|Any CPU.Deploy.0 = Debug|x86
		{11E71BA6-519A-4013-91CF-94DC92D33E3F}.Debug|ARM.ActiveCfg = Debug|ARM
		{11E71BA6-519A-4013-91CF-94DC92D33E3F}.Debug|ARM.Build.0 = Debug|ARM
		{11E71BA6-519A-4013-91CF-94DC92D33E3F}.Debug|ARM.Deploy.0 = Debug|ARM
		{11E71BA6-519A-4013-91CF-94DC92D33E3F}.Debug|iPhone.ActiveCfg = Debug|x86
		{11E71BA6-519A-4013-91CF-94DC92D33E3F}.Debug|iPhone.Build.0 = Debug|x86
		{11E71BA6-519A-4013-91CF-94DC92D33E3F}.Debug|iPhone.Deploy.0 = Debug|x86
		{11E71BA6-519A-4013-91CF-94DC92D33E3F}.Debug|iPhoneSimulator.ActiveCfg = Debug|x86
		{11E71BA6-519A-4013-91CF-94DC92D33E3F}.Debug|iPhoneSimulator.Build.0 = Debug|x86
		{11E71BA6-519A-4013-91CF-94DC92D33E3F}.Debug|iPhoneSimulator.Deploy.0 = Debug|x86
		{11E71BA6-519A-4013-91CF-94DC92D33E3F}.Debug|x64.ActiveCfg = Debug|x64
		{11E71BA6-519A-4013-91CF-94DC92D33E3F}.Debug|x64.Build.0 = Debug|x64
		{11E71BA6-519A-4013-91CF-94DC92D33E3F}.Debug|x64.Deploy.0 = Debug|x64
		{11E71BA6-519A-4013-91CF-94DC92D33E3F}.Debug|x86.ActiveCfg = Debug|x86
		{11E71BA6-519A-4013-91CF-94DC92D33E3F}.Debug|x86.Build.0 = Debug|x86
		{11E71BA6-519A-4013-91CF-94DC92D33E3F}.Debug|x86.Deploy.0 = Debug|x86
		{11E71BA6-519A-4013-91CF-94DC92D33E3F}.Release|Any CPU.ActiveCfg = Release|x86
		{11E71BA6-519A-4013-91CF-94DC92D33E3F}.Release|Any CPU.Build.0 = Release|x86
		{11E71BA6-519A-4013-91CF-94DC92D33E3F}.Release|Any CPU.Deploy.0 = Release|x86
		{11E71BA6-519A-4013-91CF-94DC92D33E3F}.Release|ARM.ActiveCfg = Release|ARM
		{11E71BA6-519A-4013-91CF-94DC92D33E3F}.Release|ARM.Build.0 = Release|ARM
		{11E71BA6-519A-4013-91CF-94DC92D33E3F}.Release|ARM.Deploy.0 = Release|ARM
		{11E71BA6-519A-4013-91CF-94DC92D33E3F}.Release|iPhone.ActiveCfg = Release|x86
		{11E71BA6-519A-4013-91CF-94DC92D33E3F}.Release|iPhone.Build.0 = Release|x86
		{11E71BA6-519A-4013-91CF-94DC92D33E3F}.Release|iPhone.Deploy.0 = Release|x86
		{11E71BA6-519A-4013-91CF-94DC92D33E3F}.Release|iPhoneSimulator.ActiveCfg = Release|x86
		{11E71BA6-519A-4013-91CF-94DC92D33E3F}.Release|iPhoneSimulator.Build.0 = Release|x86
		{11E71BA6-519A-4013-91CF-94DC92D33E3F}.Release|iPhoneSimulator.Deploy.0 = Release|x86
		{11E71BA6-519A-4013-91CF-94DC92D33E3F}.Release|x64.ActiveCfg = Release|x64
		{11E71BA6-519A-4013-91CF-94DC92D33E3F}.Release|x64.Build.0 = Release|x64
		{11E71BA6-519A-4013-91CF-94DC92D33E3F}.Release|x64.Deploy.0 = Release|x64
		{11E71BA6-519A-4013-91CF-94DC92D33E3F}.Release|x86.ActiveCfg = Release|x86
		{11E71BA6-519A-4013-91CF-94DC92D33E3F}.Release|x86.Build.0 = Release|x86
		{11E71BA6-519A-4013-91CF-94DC92D33E3F}.Release|x86.Deploy.0 = Release|x86
		{EFD4F5C3-770D-45D7-87ED-3BCE72402181}.Ad-Hoc|Any CPU.ActiveCfg = Debug|Any CPU
		{EFD4F5C3-770D-45D7-87ED-3BCE72402181}.Ad-Hoc|Any CPU.Build.0 = Debug|Any CPU
		{EFD4F5C3-770D-45D7-87ED-3BCE72402181}.Ad-Hoc|Any CPU.Deploy.0 = Debug|Any CPU
		{EFD4F5C3-770D-45D7-87ED-3BCE72402181}.Ad-Hoc|ARM.ActiveCfg = Debug|Any CPU
		{EFD4F5C3-770D-45D7-87ED-3BCE72402181}.Ad-Hoc|ARM.Build.0 = Debug|Any CPU
		{EFD4F5C3-770D-45D7-87ED-3BCE72402181}.Ad-Hoc|ARM.Deploy.0 = Debug|Any CPU
		{EFD4F5C3-770D-45D7-87ED-3BCE72402181}.Ad-Hoc|iPhone.ActiveCfg = Debug|Any CPU
		{EFD4F5C3-770D-45D7-87ED-3BCE72402181}.Ad-Hoc|iPhone.Build.0 = Debug|Any CPU
		{EFD4F5C3-770D-45D7-87ED-3BCE72402181}.Ad-Hoc|iPhone.Deploy.0 = Debug|Any CPU
		{EFD4F5C3-770D-45D7-87ED-3BCE72402181}.Ad-Hoc|iPhoneSimulator.ActiveCfg = Debug|Any CPU
		{EFD4F5C3-770D-45D7-87ED-3BCE72402181}.Ad-Hoc|iPhoneSimulator.Build.0 = Debug|Any CPU
		{EFD4F5C3-770D-45D7-87ED-3BCE72402181}.Ad-Hoc|iPhoneSimulator.Deploy.0 = Debug|Any CPU
		{EFD4F5C3-770D-45D7-87ED-3BCE72402181}.Ad-Hoc|x64.ActiveCfg = Debug|Any CPU
		{EFD4F5C3-770D-45D7-87ED-3BCE72402181}.Ad-Hoc|x64.Build.0 = Debug|Any CPU
		{EFD4F5C3-770D-45D7-87ED-3BCE72402181}.Ad-Hoc|x64.Deploy.0 = Debug|Any CPU
		{EFD4F5C3-770D-45D7-87ED-3BCE72402181}.Ad-Hoc|x86.ActiveCfg = Debug|Any CPU
		{EFD4F5C3-770D-45D7-87ED-3BCE72402181}.Ad-Hoc|x86.Build.0 = Debug|Any CPU
		{EFD4F5C3-770D-45D7-87ED-3BCE72402181}.Ad-Hoc|x86.Deploy.0 = Debug|Any CPU
		{EFD4F5C3-770D-45D7-87ED-3BCE72402181}.AppStore|Any CPU.ActiveCfg = Debug|Any CPU
		{EFD4F5C3-770D-45D7-87ED-3BCE72402181}.AppStore|Any CPU.Build.0 = Debug|Any CPU
		{EFD4F5C3-770D-45D7-87ED-3BCE72402181}.AppStore|Any CPU.Deploy.0 = Debug|Any CPU
		{EFD4F5C3-770D-45D7-87ED-3BCE72402181}.AppStore|ARM.ActiveCfg = Debug|Any CPU
		{EFD4F5C3-770D-45D7-87ED-3BCE72402181}.AppStore|ARM.Build.0 = Debug|Any CPU
		{EFD4F5C3-770D-45D7-87ED-3BCE72402181}.AppStore|ARM.Deploy.0 = Debug|Any CPU
		{EFD4F5C3-770D-45D7-87ED-3BCE72402181}.AppStore|iPhone.ActiveCfg = Debug|Any CPU
		{EFD4F5C3-770D-45D7-87ED-3BCE72402181}.AppStore|iPhone.Build.0 = Debug|Any CPU
		{EFD4F5C3-770D-45D7-87ED-3BCE72402181}.AppStore|iPhone.Deploy.0 = Debug|Any CPU
		{EFD4F5C3-770D-45D7-87ED-3BCE72402181}.AppStore|iPhoneSimulator.ActiveCfg = Debug|Any CPU
		{EFD4F5C3-770D-45D7-87ED-3BCE72402181}.AppStore|iPhoneSimulator.Build.0 = Debug|Any CPU
		{EFD4F5C3-770D-45D7-87ED-3BCE72402181}.AppStore|iPhoneSimulator.Deploy.0 = Debug|Any CPU
		{EFD4F5C3-770D-45D7-87ED-3BCE72402181}.AppStore|x64.ActiveCfg = Debug|Any CPU
		{EFD4F5C3-770D-45D7-87ED-3BCE72402181}.AppStore|x64.Build.0 = Debug|Any CPU
		{EFD4F5C3-770D-45D7-87ED-3BCE72402181}.AppStore|x64.Deploy.0 = Debug|Any CPU
		{EFD4F5C3-770D-45D7-87ED-3BCE72402181}.AppStore|x86.ActiveCfg = Debug|Any CPU
		{EFD4F5C3-770D-45D7-87ED-3BCE72402181}.AppStore|x86.Build.0 = Debug|Any CPU
		{EFD4F5C3-770D-45D7-87ED-3BCE72402181}.AppStore|x86.Deploy.0 = Debug|Any CPU
		{EFD4F5C3-770D-45D7-87ED-3BCE72402181}.Debug|Any CPU.ActiveCfg = Debug|Any CPU
		{EFD4F5C3-770D-45D7-87ED-3BCE72402181}.Debug|Any CPU.Build.0 = Debug|Any CPU
		{EFD4F5C3-770D-45D7-87ED-3BCE72402181}.Debug|Any CPU.Deploy.0 = Debug|Any CPU
		{EFD4F5C3-770D-45D7-87ED-3BCE72402181}.Debug|ARM.ActiveCfg = Debug|Any CPU
		{EFD4F5C3-770D-45D7-87ED-3BCE72402181}.Debug|ARM.Build.0 = Debug|Any CPU
		{EFD4F5C3-770D-45D7-87ED-3BCE72402181}.Debug|ARM.Deploy.0 = Debug|Any CPU
		{EFD4F5C3-770D-45D7-87ED-3BCE72402181}.Debug|iPhone.ActiveCfg = Debug|Any CPU
		{EFD4F5C3-770D-45D7-87ED-3BCE72402181}.Debug|iPhone.Build.0 = Debug|Any CPU
		{EFD4F5C3-770D-45D7-87ED-3BCE72402181}.Debug|iPhone.Deploy.0 = Debug|Any CPU
		{EFD4F5C3-770D-45D7-87ED-3BCE72402181}.Debug|iPhoneSimulator.ActiveCfg = Debug|Any CPU
		{EFD4F5C3-770D-45D7-87ED-3BCE72402181}.Debug|iPhoneSimulator.Build.0 = Debug|Any CPU
		{EFD4F5C3-770D-45D7-87ED-3BCE72402181}.Debug|iPhoneSimulator.Deploy.0 = Debug|Any CPU
		{EFD4F5C3-770D-45D7-87ED-3BCE72402181}.Debug|x64.ActiveCfg = Debug|Any CPU
		{EFD4F5C3-770D-45D7-87ED-3BCE72402181}.Debug|x64.Build.0 = Debug|Any CPU
		{EFD4F5C3-770D-45D7-87ED-3BCE72402181}.Debug|x64.Deploy.0 = Debug|Any CPU
		{EFD4F5C3-770D-45D7-87ED-3BCE72402181}.Debug|x86.ActiveCfg = Debug|Any CPU
		{EFD4F5C3-770D-45D7-87ED-3BCE72402181}.Debug|x86.Build.0 = Debug|Any CPU
		{EFD4F5C3-770D-45D7-87ED-3BCE72402181}.Debug|x86.Deploy.0 = Debug|Any CPU
		{EFD4F5C3-770D-45D7-87ED-3BCE72402181}.Release|Any CPU.ActiveCfg = Release|Any CPU
		{EFD4F5C3-770D-45D7-87ED-3BCE72402181}.Release|Any CPU.Build.0 = Release|Any CPU
		{EFD4F5C3-770D-45D7-87ED-3BCE72402181}.Release|Any CPU.Deploy.0 = Release|Any CPU
		{EFD4F5C3-770D-45D7-87ED-3BCE72402181}.Release|ARM.ActiveCfg = Release|Any CPU
		{EFD4F5C3-770D-45D7-87ED-3BCE72402181}.Release|ARM.Build.0 = Release|Any CPU
		{EFD4F5C3-770D-45D7-87ED-3BCE72402181}.Release|ARM.Deploy.0 = Release|Any CPU
		{EFD4F5C3-770D-45D7-87ED-3BCE72402181}.Release|iPhone.ActiveCfg = Release|Any CPU
		{EFD4F5C3-770D-45D7-87ED-3BCE72402181}.Release|iPhone.Build.0 = Release|Any CPU
		{EFD4F5C3-770D-45D7-87ED-3BCE72402181}.Release|iPhone.Deploy.0 = Release|Any CPU
		{EFD4F5C3-770D-45D7-87ED-3BCE72402181}.Release|iPhoneSimulator.ActiveCfg = Release|Any CPU
		{EFD4F5C3-770D-45D7-87ED-3BCE72402181}.Release|iPhoneSimulator.Build.0 = Release|Any CPU
		{EFD4F5C3-770D-45D7-87ED-3BCE72402181}.Release|iPhoneSimulator.Deploy.0 = Release|Any CPU
		{EFD4F5C3-770D-45D7-87ED-3BCE72402181}.Release|x64.ActiveCfg = Release|Any CPU
		{EFD4F5C3-770D-45D7-87ED-3BCE72402181}.Release|x64.Build.0 = Release|Any CPU
		{EFD4F5C3-770D-45D7-87ED-3BCE72402181}.Release|x64.Deploy.0 = Release|Any CPU
		{EFD4F5C3-770D-45D7-87ED-3BCE72402181}.Release|x86.ActiveCfg = Release|Any CPU
		{EFD4F5C3-770D-45D7-87ED-3BCE72402181}.Release|x86.Build.0 = Release|Any CPU
		{EFD4F5C3-770D-45D7-87ED-3BCE72402181}.Release|x86.Deploy.0 = Release|Any CPU
	EndGlobalSection
	GlobalSection(SolutionProperties) = preSolution
		HideSolutionNode = FALSE
	EndGlobalSection
	GlobalSection(ExtensibilityGlobals) = postSolution
		SolutionGuid = {FD54E363-D286-459E-B0AB-93B3B332D9DC}
	EndGlobalSection
EndGlobal
